
Microsoft Visual Studio Solution File, Format Version 12.00
# Visual Studio Version 16
VisualStudioVersion = 16.0.29728.190
MinimumVisualStudioVersion = 10.0.40219.1
Project("{9A19103F-16F7-4668-BE54-9A1E7A4F7556}") = "PutAVettoWork.Site", "PutAVettoWork.Site\PutAVettoWork.Site.csproj", "{7975BCFE-B48F-4529-822A-3C8990E41F19}"
EndProject
Global
	GlobalSection(SolutionConfigurationPlatforms) = preSolution
		Debug|Any CPU = Debug|Any CPU
		Release|Any CPU = Release|Any CPU
	EndGlobalSection
	GlobalSection(ProjectConfigurationPlatforms) = postSolution
		{7975BCFE-B48F-4529-822A-3C8990E41F19}.Debug|Any CPU.ActiveCfg = Debug|Any CPU
		{7975BCFE-B48F-4529-822A-3C8990E41F19}.Debug|Any CPU.Build.0 = Debug|Any CPU
		{7975BCFE-B48F-4529-822A-3C8990E41F19}.Release|Any CPU.ActiveCfg = Release|Any CPU
		{7975BCFE-B48F-4529-822A-3C8990E41F19}.Release|Any CPU.Build.0 = Release|Any CPU
	EndGlobalSection
	GlobalSection(SolutionProperties) = preSolution
		HideSolutionNode = FALSE
	EndGlobalSection
	GlobalSection(ExtensibilityGlobals) = postSolution
		SolutionGuid = {D61A78F3-F654-444C-B683-B2058E313BFA}
	EndGlobalSection
EndGlobal
